<?xml version="1.0" encoding="utf-8"?>
<Project ToolsVersion="4.0" xmlns="http://schemas.microsoft.com/developer/msbuild/2003">
  <ItemGroup>
    <ClCompile Include="src\main.cpp" />
    <ClCompile Include="libs\glad.c" />
    <ClCompile Include="src\scene\Entity.cpp" />
    <ClCompile Include="src\shader\Shader.cpp" />
    <ClCompile Include="src\shader\Material.cpp" />
    <ClCompile Include="src\shader\UniformValue.cpp" />
    <ClCompile Include="src\util\Input.cpp" />
    <ClCompile Include="src\util\Time.cpp" />
    <ClCompile Include="src\render\Mesh.cpp" />
    <ClCompile Include="src\render\Model.cpp" />
    <ClCompile Include="libs\imgui\include\imgui\imgui.cpp" />
    <ClCompile Include="libs\imgui\include\imgui\imgui_demo.cpp" />
    <ClCompile Include="libs\imgui\include\imgui\imgui_draw.cpp" />
    <ClCompile Include="libs\imgui\include\imgui\imgui_impl_glfw.cpp" />
    <ClCompile Include="libs\imgui\include\imgui\imgui_impl_opengl3.cpp" />
    <ClCompile Include="libs\imgui\include\imgui\imgui_tables.cpp" />
    <ClCompile Include="libs\imgui\include\imgui\imgui_widgets.cpp" />
    <ClCompile Include="src\render\Renderer.cpp" />
    <ClCompile Include="src\scene\Scene.cpp" />
    <ClCompile Include="src\scene\SceneManager.cpp" />
    <ClCompile Include="src\components\Transform.cpp" />
    <ClCompile Include="src\components\Camera.cpp" />
    <ClCompile Include="src\ui\UI.cpp" />
    <ClCompile Include="src\editor\EditorCamera.cpp" />
    <ClCompile Include="src\render\FrameBuffer.cpp" />
    <ClCompile Include="src\editor\EditorLayer.cpp" />
    <ClCompile Include="src\editor\ui\SceneViewPort.cpp" />
    <ClCompile Include="src\editor\ui\SceneHierarchy.cpp" />
    <ClCompile Include="src\Window.cpp" />
    <ClCompile Include="src\Application.cpp" />
    <ClCompile Include="src\editor\ui\ShaderGraph.cpp" />
    <ClCompile Include="src\ui\graph\Node.cpp" />
    <ClCompile Include="src\ui\graph\Graph.cpp" />
    <ClCompile Include="src\ui\graph\NodeVariable.cpp" />
  </ItemGroup>
  <ItemGroup>
    <None Include="src\shader\default.vert" />
    <None Include="src\shader\default.frag" />
  </ItemGroup>
  <ItemGroup>
    <ClInclude Include="src\shader\Shader.h" />
    <ClInclude Include="src\scene\Entity.h" />
    <ClInclude Include="src\shader\Material.h" />
    <ClInclude Include="src\shader\UniformValue.h" />
    <ClInclude Include="src\shader\IUniformValue.h" />
    <ClInclude Include="src\util\Input.h" />
    <ClInclude Include="src\util\Time.h" />
    <ClInclude Include="src\render\Mesh.h" />
    <ClInclude Include="src\render\Model.h" />
    <ClInclude Include="libs\imgui\include\imgui\imconfig.h" />
    <ClInclude Include="libs\imgui\include\imgui\imgui.h" />
    <ClInclude Include="libs\imgui\include\imgui\imgui_impl_glfw.h" />
    <ClInclude Include="libs\imgui\include\imgui\imgui_impl_opengl3.h" />
    <ClInclude Include="libs\imgui\include\imgui\imgui_internal.h" />
    <ClInclude Include="libs\imgui\include\imgui\imstb_rectpack.h" />
    <ClInclude Include="libs\imgui\include\imgui\imstb_textedit.h" />
    <ClInclude Include="libs\imgui\include\imgui\imstb_truetype.h" />
    <ClInclude Include="src\render\Renderer.h" />
    <ClInclude Include="src\scene\Scene.h" />
    <ClInclude Include="src\components\Components.h" />
    <ClInclude Include="src\scene\SceneManager.h" />
    <ClInclude Include="src\components\Transform.h" />
    <ClInclude Include="src\components\Camera.h" />
    <ClInclude Include="src\ui\UI.h" />
    <ClInclude Include="src\editor\EditorCamera.h" />
    <ClInclude Include="src\Phantom.h" />
    <ClInclude Include="src\render\FrameBuffer.h" />
    <ClInclude Include="src\editor\EditorLayer.h" />
    <ClInclude Include="src\editor\ui\SceneViewPort.h" />
    <ClInclude Include="src\editor\ui\SceneHierarchy.h" />
    <ClInclude Include="src\Window.h" />
    <ClInclude Include="src\Application.h" />
    <ClInclude Include="src\editor\ui\ShaderGraph.h" />
    <ClInclude Include="src\ui\graph\Node.h" />
    <ClInclude Include="src\ui\graph\Graph.h" />
    <ClInclude Include="src\ui\graph\NodeVariable.h" />
  </ItemGroup>
</Project>