<?xml version="1.0" encoding="utf-8"?>
<Project ToolsVersion="4.0" xmlns="http://schemas.microsoft.com/developer/msbuild/2003">
  <ItemGroup>
    <ClCompile Include="src\main.cpp" />
    <ClCompile Include="libs\glad.c" />
    <ClCompile Include="src\Entity.cpp" />
    <ClCompile Include="src\shader\Shader.cpp" />
    <ClCompile Include="src\shader\Material.cpp" />
    <ClCompile Include="src\shader\UniformValue.cpp" />
    <ClCompile Include="src\Input.cpp" />
    <ClCompile Include="src\Time.cpp" />
    <ClCompile Include="src\mesh\Mesh.cpp" />
    <ClCompile Include="src\mesh\Model.cpp" />
    <ClCompile Include="src\dump.cpp" />
    <ClCompile Include="libs\imgui\include\imgui\imgui.cpp" />
    <ClCompile Include="libs\imgui\include\imgui\imgui_demo.cpp" />
    <ClCompile Include="libs\imgui\include\imgui\imgui_draw.cpp" />
    <ClCompile Include="libs\imgui\include\imgui\imgui_impl_glfw.cpp" />
    <ClCompile Include="libs\imgui\include\imgui\imgui_impl_opengl3.cpp" />
    <ClCompile Include="libs\imgui\include\imgui\imgui_tables.cpp" />
    <ClCompile Include="libs\imgui\include\imgui\imgui_widgets.cpp" />
    <ClCompile Include="src\Renderer.cpp" />
    <ClCompile Include="src\Scene.cpp" />
    <ClCompile Include="src\SceneManager.cpp" />
    <ClCompile Include="src\components\Transform.cpp" />
    <ClCompile Include="src\components\Camera.cpp" />
  </ItemGroup>
  <ItemGroup>
    <None Include="src\shader\default.vert" />
    <None Include="src\shader\default.frag" />
  </ItemGroup>
  <ItemGroup>
    <ClInclude Include="src\shader\Shader.h" />
    <ClInclude Include="src\Entity.h" />
    <ClInclude Include="src\shader\Material.h" />
    <ClInclude Include="src\shader\UniformValue.h" />
    <ClInclude Include="src\shader\IUniformValue.h" />
    <ClInclude Include="src\Input.h" />
    <ClInclude Include="src\Time.h" />
    <ClInclude Include="src\mesh\Mesh.h" />
    <ClInclude Include="src\mesh\Model.h" />
    <ClInclude Include="libs\imgui\include\imgui\imconfig.h" />
    <ClInclude Include="libs\imgui\include\imgui\imgui.h" />
    <ClInclude Include="libs\imgui\include\imgui\imgui_impl_glfw.h" />
    <ClInclude Include="libs\imgui\include\imgui\imgui_impl_opengl3.h" />
    <ClInclude Include="libs\imgui\include\imgui\imgui_internal.h" />
    <ClInclude Include="libs\imgui\include\imgui\imstb_rectpack.h" />
    <ClInclude Include="libs\imgui\include\imgui\imstb_textedit.h" />
    <ClInclude Include="libs\imgui\include\imgui\imstb_truetype.h" />
    <ClInclude Include="src\Renderer.h" />
    <ClInclude Include="src\Scene.h" />
    <ClInclude Include="src\components\Components.h" />
    <ClInclude Include="src\SceneManager.h" />
    <ClInclude Include="src\components\Transform.h" />
    <ClInclude Include="src\components\Camera.h" />
  </ItemGroup>
</Project>